// !$*UTF8*$!
{
	archiveVersion = 1;
	classes = {
	};
	objectVersion = 56;
	objects = {

/* Begin PBXBuildFile section */
		3644D6492ABF1D1F0083480E /* AppDelegate.swift in Sources */ = {isa = PBXBuildFile; fileRef = 3644D6482ABF1D1F0083480E /* AppDelegate.swift */; };
		3644D64B2ABF1D1F0083480E /* SceneDelegate.swift in Sources */ = {isa = PBXBuildFile; fileRef = 3644D64A2ABF1D1F0083480E /* SceneDelegate.swift */; };
		3644D64D2ABF1D1F0083480E /* ViewController.swift in Sources */ = {isa = PBXBuildFile; fileRef = 3644D64C2ABF1D1F0083480E /* ViewController.swift */; };
		3644D6502ABF1D1F0083480E /* Main.storyboard in Resources */ = {isa = PBXBuildFile; fileRef = 3644D64E2ABF1D1F0083480E /* Main.storyboard */; };
		3644D6522ABF1D200083480E /* Assets.xcassets in Resources */ = {isa = PBXBuildFile; fileRef = 3644D6512ABF1D200083480E /* Assets.xcassets */; };
		3644D6552ABF1D200083480E /* LaunchScreen.storyboard in Resources */ = {isa = PBXBuildFile; fileRef = 3644D6532ABF1D200083480E /* LaunchScreen.storyboard */; };
		3644D65E2ABF1D430083480E /* InstantSearchVoiceOverlay in Frameworks */ = {isa = PBXBuildFile; productRef = 3644D65D2ABF1D430083480E /* InstantSearchVoiceOverlay */; };
/* End PBXBuildFile section */

/* Begin PBXFileReference section */
		3644D6452ABF1D1F0083480E /* SpeechToText-InstantSearchVoiceOverlay.app */ = {isa = PBXFileReference; explicitFileType = wrapper.application; includeInIndex = 0; path = "SpeechToText-InstantSearchVoiceOverlay.app"; sourceTree = BUILT_PRODUCTS_DIR; };
		3644D6482ABF1D1F0083480E /* AppDelegate.swift */ = {isa = PBXFileReference; lastKnownFileType = sourcecode.swift; path = AppDelegate.swift; sourceTree = "<group>"; };
		3644D64A2ABF1D1F0083480E /* SceneDelegate.swift */ = {isa = PBXFileReference; lastKnownFileType = sourcecode.swift; path = SceneDelegate.swift; sourceTree = "<group>"; };
		3644D64C2ABF1D1F0083480E /* ViewController.swift */ = {isa = PBXFileReference; lastKnownFileType = sourcecode.swift; path = ViewController.swift; sourceTree = "<group>"; };
		3644D64F2ABF1D1F0083480E /* Base */ = {isa = PBXFileReference; lastKnownFileType = file.storyboard; name = Base; path = Base.lproj/Main.storyboard; sourceTree = "<group>"; };
		3644D6512ABF1D200083480E /* Assets.xcassets */ = {isa = PBXFileReference; lastKnownFileType = folder.assetcatalog; path = Assets.xcassets; sourceTree = "<group>"; };
		3644D6542ABF1D200083480E /* Base */ = {isa = PBXFileReference; lastKnownFileType = file.storyboard; name = Base; path = Base.lproj/LaunchScreen.storyboard; sourceTree = "<group>"; };
		3644D6562ABF1D200083480E /* Info.plist */ = {isa = PBXFileReference; lastKnownFileType = text.plist.xml; path = Info.plist; sourceTree = "<group>"; };
/* End PBXFileReference section */

/* Begin PBXFrameworksBuildPhase section */
		3644D6422ABF1D1F0083480E /* Frameworks */ = {
			isa = PBXFrameworksBuildPhase;
			buildActionMask = 2147483647;
			files = (
				3644D65E2ABF1D430083480E /* InstantSearchVoiceOverlay in Frameworks */,
			);
			runOnlyForDeploymentPostprocessing = 0;
		};
/* End PBXFrameworksBuildPhase section */

/* Begin PBXGroup section */
		3644D63C2ABF1D1F0083480E = {
			isa = PBXGroup;
			children = (
				3644D6472ABF1D1F0083480E /* SpeechToText-InstantSearchVoiceOverlay */,
				3644D6462ABF1D1F0083480E /* Products */,
			);
			sourceTree = "<group>";
		};
		3644D6462ABF1D1F0083480E /* Products */ = {
			isa = PBXGroup;
			children = (
				3644D6452ABF1D1F0083480E /* SpeechToText-InstantSearchVoiceOverlay.app */,
			);
			name = Products;
			sourceTree = "<group>";
		};
		3644D6472ABF1D1F0083480E /* SpeechToText-InstantSearchVoiceOverlay */ = {
			isa = PBXGroup;
			children = (
				3644D6482ABF1D1F0083480E /* AppDelegate.swift */,
				3644D64A2ABF1D1F0083480E /* SceneDelegate.swift */,
				3644D64C2ABF1D1F0083480E /* ViewController.swift */,
				3644D64E2ABF1D1F0083480E /* Main.storyboard */,
				3644D6512ABF1D200083480E /* Assets.xcassets */,
				3644D6532ABF1D200083480E /* LaunchScreen.storyboard */,
				3644D6562ABF1D200083480E /* Info.plist */,
			);
			path = "SpeechToText-InstantSearchVoiceOverlay";
			sourceTree = "<group>";
		};
/* End PBXGroup section */

/* Begin PBXNativeTarget section */
		3644D6442ABF1D1F0083480E /* SpeechToText-InstantSearchVoiceOverlay */ = {
			isa = PBXNativeTarget;
			buildConfigurationList = 3644D6592ABF1D200083480E /* Build configuration list for PBXNativeTarget "SpeechToText-InstantSearchVoiceOverlay" */;
			buildPhases = (
				3644D6412ABF1D1F0083480E /* Sources */,
				3644D6422ABF1D1F0083480E /* Frameworks */,
				3644D6432ABF1D1F0083480E /* Resources */,
			);
			buildRules = (
			);
			dependencies = (
			);
			name = "SpeechToText-InstantSearchVoiceOverlay";
			packageProductDependencies = (
				3644D65D2ABF1D430083480E /* InstantSearchVoiceOverlay */,
			);
			productName = "SpeechToText-InstantSearchVoiceOverlay";
			productReference = 3644D6452ABF1D1F0083480E /* SpeechToText-InstantSearchVoiceOverlay.app */;
			productType = "com.apple.product-type.application";
		};
/* End PBXNativeTarget section */

/* Begin PBXProject section */
		3644D63D2ABF1D1F0083480E /* Project object */ = {
			isa = PBXProject;
			attributes = {
				BuildIndependentTargetsInParallel = 1;
				LastSwiftUpdateCheck = 1420;
				LastUpgradeCheck = 1420;
				TargetAttributes = {
					3644D6442ABF1D1F0083480E = {
						CreatedOnToolsVersion = 14.2;
					};
				};
			};
			buildConfigurationList = 3644D6402ABF1D1F0083480E /* Build configuration list for PBXProject "SpeechToText-InstantSearchVoiceOverlay" */;
			compatibilityVersion = "Xcode 14.0";
			developmentRegion = en;
			hasScannedForEncodings = 0;
			knownRegions = (
				en,
				Base,
			);
			mainGroup = 3644D63C2ABF1D1F0083480E;
			packageReferences = (
				3644D65C2ABF1D430083480E /* XCRemoteSwiftPackageReference "voice-overlay-ios" */,
			);
			productRefGroup = 3644D6462ABF1D1F0083480E /* Products */;
			projectDirPath = "";
			projectRoot = "";
			targets = (
				3644D6442ABF1D1F0083480E /* SpeechToText-InstantSearchVoiceOverlay */,
			);
		};
/* End PBXProject section */

/* Begin PBXResourcesBuildPhase section */
		3644D6432ABF1D1F0083480E /* Resources */ = {
			isa = PBXResourcesBuildPhase;
			buildActionMask = 2147483647;
			files = (
				3644D6552ABF1D200083480E /* LaunchScreen.storyboard in Resources */,
				3644D6522ABF1D200083480E /* Assets.xcassets in Resources */,
				3644D6502ABF1D1F0083480E /* Main.storyboard in Resources */,
			);
			runOnlyForDeploymentPostprocessing = 0;
		};
/* End PBXResourcesBuildPhase section */

/* Begin PBXSourcesBuildPhase section */
		3644D6412ABF1D1F0083480E /* Sources */ = {
			isa = PBXSourcesBuildPhase;
			buildActionMask = 2147483647;
			files = (
				3644D64D2ABF1D1F0083480E /* ViewController.swift in Sources */,
				3644D6492ABF1D1F0083480E /* AppDelegate.swift in Sources */,
				3644D64B2ABF1D1F0083480E /* SceneDelegate.swift in Sources */,
			);
			runOnlyForDeploymentPostprocessing = 0;
		};
/* End PBXSourcesBuildPhase section */

/* Begin PBXVariantGroup section */
		3644D64E2ABF1D1F0083480E /* Main.storyboard */ = {
			isa = PBXVariantGroup;
			children = (
				3644D64F2ABF1D1F0083480E /* Base */,
			);
			name = Main.storyboard;
			sourceTree = "<group>";
		};
		3644D6532ABF1D200083480E /* LaunchScreen.storyboard */ = {
			isa = PBXVariantGroup;
			children = (
				3644D6542ABF1D200083480E /* Base */,
			);
			name = LaunchScreen.storyboard;
			sourceTree = "<group>";
		};
/* End PBXVariantGroup section */

/* Begin XCBuildConfiguration section */
		3644D6572ABF1D200083480E /* Debug */ = {
			isa = XCBuildConfiguration;
			buildSettings = {
				ALWAYS_SEARCH_USER_PATHS = NO;
				CLANG_ANALYZER_NONNULL = YES;
				CLANG_ANALYZER_NUMBER_OBJECT_CONVERSION = YES_AGGRESSIVE;
				CLANG_CXX_LANGUAGE_STANDARD = "gnu++20";
				CLANG_ENABLE_MODULES = YES;
				CLANG_ENABLE_OBJC_ARC = YES;
				CLANG_ENABLE_OBJC_WEAK = YES;
				CLANG_WARN_BLOCK_CAPTURE_AUTORELEASING = YES;
				CLANG_WARN_BOOL_CONVERSION = YES;
				CLANG_WARN_COMMA = YES;
				CLANG_WARN_CONSTANT_CONVERSION = YES;
				CLANG_WARN_DEPRECATED_OBJC_IMPLEMENTATIONS = YES;
				CLANG_WARN_DIRECT_OBJC_ISA_USAGE = YES_ERROR;
				CLANG_WARN_DOCUMENTATION_COMMENTS = YES;
				CLANG_WARN_EMPTY_BODY = YES;
				CLANG_WARN_ENUM_CONVERSION = YES;
				CLANG_WARN_INFINITE_RECURSION = YES;
				CLANG_WARN_INT_CONVERSION = YES;
				CLANG_WARN_NON_LITERAL_NULL_CONVERSION = YES;
				CLANG_WARN_OBJC_IMPLICIT_RETAIN_SELF = YES;
				CLANG_WARN_OBJC_LITERAL_CONVERSION = YES;
				CLANG_WARN_OBJC_ROOT_CLASS = YES_ERROR;
				CLANG_WARN_QUOTED_INCLUDE_IN_FRAMEWORK_HEADER = YES;
				CLANG_WARN_RANGE_LOOP_ANALYSIS = YES;
				CLANG_WARN_STRICT_PROTOTYPES = YES;
				CLANG_WARN_SUSPICIOUS_MOVE = YES;
				CLANG_WARN_UNGUARDED_AVAILABILITY = YES_AGGRESSIVE;
				CLANG_WARN_UNREACHABLE_CODE = YES;
				CLANG_WARN__DUPLICATE_METHOD_MATCH = YES;
				COPY_PHASE_STRIP = NO;
				DEBUG_INFORMATION_FORMAT = dwarf;
				ENABLE_STRICT_OBJC_MSGSEND = YES;
				ENABLE_TESTABILITY = YES;
				GCC_C_LANGUAGE_STANDARD = gnu11;
				GCC_DYNAMIC_NO_PIC = NO;
				GCC_NO_COMMON_BLOCKS = YES;
				GCC_OPTIMIZATION_LEVEL = 0;
				GCC_PREPROCESSOR_DEFINITIONS = (
					"DEBUG=1",
					"$(inherited)",
				);
				GCC_WARN_64_TO_32_BIT_CONVERSION = YES;
				GCC_WARN_ABOUT_RETURN_TYPE = YES_ERROR;
				GCC_WARN_UNDECLARED_SELECTOR = YES;
				GCC_WARN_UNINITIALIZED_AUTOS = YES_AGGRESSIVE;
				GCC_WARN_UNUSED_FUNCTION = YES;
				GCC_WARN_UNUSED_VARIABLE = YES;
				IPHONEOS_DEPLOYMENT_TARGET = 16.2;
				MTL_ENABLE_DEBUG_INFO = INCLUDE_SOURCE;
				MTL_FAST_MATH = YES;
				ONLY_ACTIVE_ARCH = YES;
				SDKROOT = iphoneos;
				SWIFT_ACTIVE_COMPILATION_CONDITIONS = DEBUG;
				SWIFT_OPTIMIZATION_LEVEL = "-Onone";
			};
			name = Debug;
		};
		3644D6582ABF1D200083480E /* Release */ = {
			isa = XCBuildConfiguration;
			buildSettings = {
				ALWAYS_SEARCH_USER_PATHS = NO;
				CLANG_ANALYZER_NONNULL = YES;
				CLANG_ANALYZER_NUMBER_OBJECT_CONVERSION = YES_AGGRESSIVE;
				CLANG_CXX_LANGUAGE_STANDARD = "gnu++20";
				CLANG_ENABLE_MODULES = YES;
				CLANG_ENABLE_OBJC_ARC = YES;
				CLANG_ENABLE_OBJC_WEAK = YES;
				CLANG_WARN_BLOCK_CAPTURE_AUTORELEASING = YES;
				CLANG_WARN_BOOL_CONVERSION = YES;
				CLANG_WARN_COMMA = YES;
				CLANG_WARN_CONSTANT_CONVERSION = YES;
				CLANG_WARN_DEPRECATED_OBJC_IMPLEMENTATIONS = YES;
				CLANG_WARN_DIRECT_OBJC_ISA_USAGE = YES_ERROR;
				CLANG_WARN_DOCUMENTATION_COMMENTS = YES;
				CLANG_WARN_EMPTY_BODY = YES;
				CLANG_WARN_ENUM_CONVERSION = YES;
				CLANG_WARN_INFINITE_RECURSION = YES;
				CLANG_WARN_INT_CONVERSION = YES;
				CLANG_WARN_NON_LITERAL_NULL_CONVERSION = YES;
				CLANG_WARN_OBJC_IMPLICIT_RETAIN_SELF = YES;
				CLANG_WARN_OBJC_LITERAL_CONVERSION = YES;
				CLANG_WARN_OBJC_ROOT_CLASS = YES_ERROR;
				CLANG_WARN_QUOTED_INCLUDE_IN_FRAMEWORK_HEADER = YES;
				CLANG_WARN_RANGE_LOOP_ANALYSIS = YES;
				CLANG_WARN_STRICT_PROTOTYPES = YES;
				CLANG_WARN_SUSPICIOUS_MOVE = YES;
				CLANG_WARN_UNGUARDED_AVAILABILITY = YES_AGGRESSIVE;
				CLANG_WARN_UNREACHABLE_CODE = YES;
				CLANG_WARN__DUPLICATE_METHOD_MATCH = YES;
				COPY_PHASE_STRIP = NO;
				DEBUG_INFORMATION_FORMAT = "dwarf-with-dsym";
				ENABLE_NS_ASSERTIONS = NO;
				ENABLE_STRICT_OBJC_MSGSEND = YES;
				GCC_C_LANGUAGE_STANDARD = gnu11;
				GCC_NO_COMMON_BLOCKS = YES;
				GCC_WARN_64_TO_32_BIT_CONVERSION = YES;
				GCC_WARN_ABOUT_RETURN_TYPE = YES_ERROR;
				GCC_WARN_UNDECLARED_SELECTOR = YES;
				GCC_WARN_UNINITIALIZED_AUTOS = YES_AGGRESSIVE;
				GCC_WARN_UNUSED_FUNCTION = YES;
				GCC_WARN_UNUSED_VARIABLE = YES;
				IPHONEOS_DEPLOYMENT_TARGET = 16.2;
				MTL_ENABLE_DEBUG_INFO = NO;
				MTL_FAST_MATH = YES;
				SDKROOT = iphoneos;
				SWIFT_COMPILATION_MODE = wholemodule;
				SWIFT_OPTIMIZATION_LEVEL = "-O";
				VALIDATE_PRODUCT = YES;
			};
			name = Release;
		};
		3644D65A2ABF1D200083480E /* Debug */ = {
			isa = XCBuildConfiguration;
			buildSettings = {
				ASSETCATALOG_COMPILER_APPICON_NAME = AppIcon;
				ASSETCATALOG_COMPILER_GLOBAL_ACCENT_COLOR_NAME = AccentColor;
				CODE_SIGN_STYLE = Automatic;
				CURRENT_PROJECT_VERSION = 1;
				DEVELOPMENT_TEAM = FZ6QC7T222;
				GENERATE_INFOPLIST_FILE = YES;
				INFOPLIST_FILE = "SpeechToText-InstantSearchVoiceOverlay/Info.plist";
				INFOPLIST_KEY_UIApplicationSupportsIndirectInputEvents = YES;
				INFOPLIST_KEY_UILaunchStoryboardName = LaunchScreen;
				INFOPLIST_KEY_UIMainStoryboardFile = Main;
				INFOPLIST_KEY_UISupportedInterfaceOrientations_iPad = "UIInterfaceOrientationPortrait UIInterfaceOrientationPortraitUpsideDown UIInterfaceOrientationLandscapeLeft UIInterfaceOrientationLandscapeRight";
				INFOPLIST_KEY_UISupportedInterfaceOrientations_iPhone = "UIInterfaceOrientationPortrait UIInterfaceOrientationLandscapeLeft UIInterfaceOrientationLandscapeRight";
				IPHONEOS_DEPLOYMENT_TARGET = 16.2;
				LD_RUNPATH_SEARCH_PATHS = (
					"$(inherited)",
					"@executable_path/Frameworks",
				);
				MARKETING_VERSION = 1.0;
				PRODUCT_BUNDLE_IDENTIFIER = "com.SpeechToText-InstantSearchVoiceOverlay";
				PRODUCT_NAME = "$(TARGET_NAME)";
				SWIFT_EMIT_LOC_STRINGS = YES;
				SWIFT_VERSION = 5.0;
				TARGETED_DEVICE_FAMILY = "1,2";
			};
			name = Debug;
		};
		3644D65B2ABF1D200083480E /* Release */ = {
			isa = XCBuildConfiguration;
			buildSettings = {
				ASSETCATALOG_COMPILER_APPICON_NAME = AppIcon;
				ASSETCATALOG_COMPILER_GLOBAL_ACCENT_COLOR_NAME = AccentColor;
				CODE_SIGN_STYLE = Automatic;
				CURRENT_PROJECT_VERSION = 1;
				DEVELOPMENT_TEAM = FZ6QC7T222;
				GENERATE_INFOPLIST_FILE = YES;
				INFOPLIST_FILE = "SpeechToText-InstantSearchVoiceOverlay/Info.plist";
				INFOPLIST_KEY_UIApplicationSupportsIndirectInputEvents = YES;
				INFOPLIST_KEY_UILaunchStoryboardName = LaunchScreen;
				INFOPLIST_KEY_UIMainStoryboardFile = Main;
				INFOPLIST_KEY_UISupportedInterfaceOrientations_iPad = "UIInterfaceOrientationPortrait UIInterfaceOrientationPortraitUpsideDown UIInterfaceOrientationLandscapeLeft UIInterfaceOrientationLandscapeRight";
				INFOPLIST_KEY_UISupportedInterfaceOrientations_iPhone = "UIInterfaceOrientationPortrait UIInterfaceOrientationLandscapeLeft UIInterfaceOrientationLandscapeRight";
				IPHONEOS_DEPLOYMENT_TARGET = 16.2;
				LD_RUNPATH_SEARCH_PATHS = (
					"$(inherited)",
					"@executable_path/Frameworks",
				);
				MARKETING_VERSION = 1.0;
				PRODUCT_BUNDLE_IDENTIFIER = "com.SpeechToText-InstantSearchVoiceOverlay";
				PRODUCT_NAME = "$(TARGET_NAME)";
				SWIFT_EMIT_LOC_STRINGS = YES;
				SWIFT_VERSION = 5.0;
				TARGETED_DEVICE_FAMILY = "1,2";
			};
			name = Release;
		};
/* End XCBuildConfiguration section */

/* Begin XCConfigurationList section */
		3644D6402ABF1D1F0083480E /* Build configuration list for PBXProject "SpeechToText-InstantSearchVoiceOverlay" */ = {
			isa = XCConfigurationList;
			buildConfigurations = (
				3644D6572ABF1D200083480E /* Debug */,
				3644D6582ABF1D200083480E /* Release */,
			);
			defaultConfigurationIsVisible = 0;
			defaultConfigurationName = Release;
		};
		3644D6592ABF1D200083480E /* Build configuration list for PBXNativeTarget "SpeechToText-InstantSearchVoiceOverlay" */ = {
			isa = XCConfigurationList;
			buildConfigurations = (
				3644D65A2ABF1D200083480E /* Debug */,
				3644D65B2ABF1D200083480E /* Release */,
			);
			defaultConfigurationIsVisible = 0;
			defaultConfigurationName = Release;
		};
/* End XCConfigurationList section */

/* Begin XCRemoteSwiftPackageReference section */
		3644D65C2ABF1D430083480E /* XCRemoteSwiftPackageReference "voice-overlay-ios" */ = {
			isa = XCRemoteSwiftPackageReference;
			repositoryURL = "https://github.com/algolia/voice-overlay-ios.git";
			requirement = {
				branch = master;
				kind = branch;
			};
		};
/* End XCRemoteSwiftPackageReference section */

/* Begin XCSwiftPackageProductDependency section */
		3644D65D2ABF1D430083480E /* InstantSearchVoiceOverlay */ = {
			isa = XCSwiftPackageProductDependency;
			package = 3644D65C2ABF1D430083480E /* XCRemoteSwiftPackageReference "voice-overlay-ios" */;
			productName = InstantSearchVoiceOverlay;
		};
/* End XCSwiftPackageProductDependency section */
	};
	rootObject = 3644D63D2ABF1D1F0083480E /* Project object */;
}
